
Microsoft Visual Studio Solution File, Format Version 12.00
# Visual Studio Version 16
VisualStudioVersion = 16.0.30104.148
MinimumVisualStudioVersion = 10.0.40219.1
Project("{FAE04EC0-301F-11D3-BF4B-00C04F79EFBC}") = "RecipeBook.Domain", "RecipeBook.Domain\RecipeBook.Domain.csproj", "{CFA81D73-1B49-4975-8899-700403B04B16}"
EndProject
Project("{FAE04EC0-301F-11D3-BF4B-00C04F79EFBC}") = "RecipeBook.EntityFramework", "RecipeBook.EntityFramework\RecipeBook.EntityFramework.csproj", "{5EF8E9D0-6D7C-4F6C-BA15-67CFE76B6FE2}"
EndProject
Project("{FAE04EC0-301F-11D3-BF4B-00C04F79EFBC}") = "RecipeBook", "RecipeBook\RecipeBook.csproj", "{AD8D5CEF-F5F1-4B5C-92B3-BD82C1AACA95}"
EndProject
Global
	GlobalSection(SolutionConfigurationPlatforms) = preSolution
		Debug|Any CPU = Debug|Any CPU
		Release|Any CPU = Release|Any CPU
	EndGlobalSection
	GlobalSection(ProjectConfigurationPlatforms) = postSolution
		{CFA81D73-1B49-4975-8899-700403B04B16}.Debug|Any CPU.ActiveCfg = Debug|Any CPU
		{CFA81D73-1B49-4975-8899-700403B04B16}.Debug|Any CPU.Build.0 = Debug|Any CPU
		{CFA81D73-1B49-4975-8899-700403B04B16}.Release|Any CPU.ActiveCfg = Release|Any CPU
		{CFA81D73-1B49-4975-8899-700403B04B16}.Release|Any CPU.Build.0 = Release|Any CPU
		{5EF8E9D0-6D7C-4F6C-BA15-67CFE76B6FE2}.Debug|Any CPU.ActiveCfg = Debug|Any CPU
		{5EF8E9D0-6D7C-4F6C-BA15-67CFE76B6FE2}.Debug|Any CPU.Build.0 = Debug|Any CPU
		{5EF8E9D0-6D7C-4F6C-BA15-67CFE76B6FE2}.Release|Any CPU.ActiveCfg = Release|Any CPU
		{5EF8E9D0-6D7C-4F6C-BA15-67CFE76B6FE2}.Release|Any CPU.Build.0 = Release|Any CPU
		{AD8D5CEF-F5F1-4B5C-92B3-BD82C1AACA95}.Debug|Any CPU.ActiveCfg = Debug|Any CPU
		{AD8D5CEF-F5F1-4B5C-92B3-BD82C1AACA95}.Debug|Any CPU.Build.0 = Debug|Any CPU
		{AD8D5CEF-F5F1-4B5C-92B3-BD82C1AACA95}.Release|Any CPU.ActiveCfg = Release|Any CPU
		{AD8D5CEF-F5F1-4B5C-92B3-BD82C1AACA95}.Release|Any CPU.Build.0 = Release|Any CPU
	EndGlobalSection
	GlobalSection(SolutionProperties) = preSolution
		HideSolutionNode = FALSE
	EndGlobalSection
	GlobalSection(ExtensibilityGlobals) = postSolution
		SolutionGuid = {FBE1F4AF-5B6D-41E1-B7C4-C61631424ECF}
	EndGlobalSection
EndGlobal
